
Microsoft Visual Studio Solution File, Format Version 12.00
# Visual Studio Version 16
VisualStudioVersion = 16.0.31911.196
MinimumVisualStudioVersion = 10.0.40219.1
Project("{2150E333-8FDC-42A3-9474-1A3956D46DE8}") = "Core", "Core", "{9D0EFC57-711F-4512-96C5-B1BA201A36E0}"
EndProject
Project("{2150E333-8FDC-42A3-9474-1A3956D46DE8}") = "Microservices", "Microservices", "{3A805B6A-040F-461B-9C63-E34469106EE8}"
EndProject
Project("{FAE04EC0-301F-11D3-BF4B-00C04F79EFBC}") = "CustomerService.Domain", "CustomerService.Domain\CustomerService.Domain.csproj", "{511B324F-9413-446D-9C88-A53DD674684C}"
EndProject
Project("{FAE04EC0-301F-11D3-BF4B-00C04F79EFBC}") = "CustomerService.Intrastructure", "CustomerService.Intrastructure\CustomerService.Intrastructure.csproj", "{4A6B1066-C182-4700-8157-723B75CB57E5}"
EndProject
Project("{FAE04EC0-301F-11D3-BF4B-00C04F79EFBC}") = "CustomerService.Api", "CustomerService.Api\CustomerService.Api.csproj", "{A207F3AB-31B5-4518-B0D2-286BC4704ECE}"
EndProject
Project("{FAE04EC0-301F-11D3-BF4B-00C04F79EFBC}") = "ProductService.Domain", "ProductService.Domain\ProductService.Domain.csproj", "{65019D1A-CC18-4E21-AC84-5D40F5108879}"
EndProject
Project("{FAE04EC0-301F-11D3-BF4B-00C04F79EFBC}") = "Domain", "Domain\Domain.csproj", "{1ADAF6FE-0491-46F1-8CA1-70DCD5DB530C}"
EndProject
Project("{FAE04EC0-301F-11D3-BF4B-00C04F79EFBC}") = "ProductService.Api", "ProductService.Api\ProductService.Api.csproj", "{09026F03-E624-4BFB-A0C5-B2A8043A87A3}"
EndProject
Project("{FAE04EC0-301F-11D3-BF4B-00C04F79EFBC}") = "ProductService.Infrastructure", "ProductService.Infrastructure\ProductService.Infrastructure.csproj", "{FEF10CDE-9A61-4CBB-82FA-224B9003D019}"
EndProject
Project("{FAE04EC0-301F-11D3-BF4B-00C04F79EFBC}") = "Infrastructure", "Infrastructure\Infrastructure.csproj", "{F3EBCEF0-5C4C-4BF8-BF17-F2F80D474EF0}"
EndProject
Project("{2150E333-8FDC-42A3-9474-1A3956D46DE8}") = "CustomerService", "CustomerService", "{07621877-8F2D-43B9-A8EF-D4199CFC4B15}"
EndProject
Project("{2150E333-8FDC-42A3-9474-1A3956D46DE8}") = "ProductService", "ProductService", "{E1C82671-FA28-40FC-8BFD-A59DFA6521B1}"
EndProject
Global
	GlobalSection(SolutionConfigurationPlatforms) = preSolution
		Debug|Any CPU = Debug|Any CPU
		Release|Any CPU = Release|Any CPU
	EndGlobalSection
	GlobalSection(ProjectConfigurationPlatforms) = postSolution
		{511B324F-9413-446D-9C88-A53DD674684C}.Debug|Any CPU.ActiveCfg = Debug|Any CPU
		{511B324F-9413-446D-9C88-A53DD674684C}.Debug|Any CPU.Build.0 = Debug|Any CPU
		{511B324F-9413-446D-9C88-A53DD674684C}.Release|Any CPU.ActiveCfg = Release|Any CPU
		{511B324F-9413-446D-9C88-A53DD674684C}.Release|Any CPU.Build.0 = Release|Any CPU
		{4A6B1066-C182-4700-8157-723B75CB57E5}.Debug|Any CPU.ActiveCfg = Debug|Any CPU
		{4A6B1066-C182-4700-8157-723B75CB57E5}.Debug|Any CPU.Build.0 = Debug|Any CPU
		{4A6B1066-C182-4700-8157-723B75CB57E5}.Release|Any CPU.ActiveCfg = Release|Any CPU
		{4A6B1066-C182-4700-8157-723B75CB57E5}.Release|Any CPU.Build.0 = Release|Any CPU
		{A207F3AB-31B5-4518-B0D2-286BC4704ECE}.Debug|Any CPU.ActiveCfg = Debug|Any CPU
		{A207F3AB-31B5-4518-B0D2-286BC4704ECE}.Debug|Any CPU.Build.0 = Debug|Any CPU
		{A207F3AB-31B5-4518-B0D2-286BC4704ECE}.Release|Any CPU.ActiveCfg = Release|Any CPU
		{A207F3AB-31B5-4518-B0D2-286BC4704ECE}.Release|Any CPU.Build.0 = Release|Any CPU
		{65019D1A-CC18-4E21-AC84-5D40F5108879}.Debug|Any CPU.ActiveCfg = Debug|Any CPU
		{65019D1A-CC18-4E21-AC84-5D40F5108879}.Debug|Any CPU.Build.0 = Debug|Any CPU
		{65019D1A-CC18-4E21-AC84-5D40F5108879}.Release|Any CPU.ActiveCfg = Release|Any CPU
		{65019D1A-CC18-4E21-AC84-5D40F5108879}.Release|Any CPU.Build.0 = Release|Any CPU
		{1ADAF6FE-0491-46F1-8CA1-70DCD5DB530C}.Debug|Any CPU.ActiveCfg = Debug|Any CPU
		{1ADAF6FE-0491-46F1-8CA1-70DCD5DB530C}.Debug|Any CPU.Build.0 = Debug|Any CPU
		{1ADAF6FE-0491-46F1-8CA1-70DCD5DB530C}.Release|Any CPU.ActiveCfg = Release|Any CPU
		{1ADAF6FE-0491-46F1-8CA1-70DCD5DB530C}.Release|Any CPU.Build.0 = Release|Any CPU
		{09026F03-E624-4BFB-A0C5-B2A8043A87A3}.Debug|Any CPU.ActiveCfg = Debug|Any CPU
		{09026F03-E624-4BFB-A0C5-B2A8043A87A3}.Debug|Any CPU.Build.0 = Debug|Any CPU
		{09026F03-E624-4BFB-A0C5-B2A8043A87A3}.Release|Any CPU.ActiveCfg = Release|Any CPU
		{09026F03-E624-4BFB-A0C5-B2A8043A87A3}.Release|Any CPU.Build.0 = Release|Any CPU
		{FEF10CDE-9A61-4CBB-82FA-224B9003D019}.Debug|Any CPU.ActiveCfg = Debug|Any CPU
		{FEF10CDE-9A61-4CBB-82FA-224B9003D019}.Debug|Any CPU.Build.0 = Debug|Any CPU
		{FEF10CDE-9A61-4CBB-82FA-224B9003D019}.Release|Any CPU.ActiveCfg = Release|Any CPU
		{FEF10CDE-9A61-4CBB-82FA-224B9003D019}.Release|Any CPU.Build.0 = Release|Any CPU
		{F3EBCEF0-5C4C-4BF8-BF17-F2F80D474EF0}.Debug|Any CPU.ActiveCfg = Debug|Any CPU
		{F3EBCEF0-5C4C-4BF8-BF17-F2F80D474EF0}.Debug|Any CPU.Build.0 = Debug|Any CPU
		{F3EBCEF0-5C4C-4BF8-BF17-F2F80D474EF0}.Release|Any CPU.ActiveCfg = Release|Any CPU
		{F3EBCEF0-5C4C-4BF8-BF17-F2F80D474EF0}.Release|Any CPU.Build.0 = Release|Any CPU
	EndGlobalSection
	GlobalSection(SolutionProperties) = preSolution
		HideSolutionNode = FALSE
	EndGlobalSection
	GlobalSection(NestedProjects) = preSolution
		{511B324F-9413-446D-9C88-A53DD674684C} = {07621877-8F2D-43B9-A8EF-D4199CFC4B15}
		{4A6B1066-C182-4700-8157-723B75CB57E5} = {07621877-8F2D-43B9-A8EF-D4199CFC4B15}
		{A207F3AB-31B5-4518-B0D2-286BC4704ECE} = {07621877-8F2D-43B9-A8EF-D4199CFC4B15}
		{65019D1A-CC18-4E21-AC84-5D40F5108879} = {E1C82671-FA28-40FC-8BFD-A59DFA6521B1}
		{1ADAF6FE-0491-46F1-8CA1-70DCD5DB530C} = {9D0EFC57-711F-4512-96C5-B1BA201A36E0}
		{09026F03-E624-4BFB-A0C5-B2A8043A87A3} = {E1C82671-FA28-40FC-8BFD-A59DFA6521B1}
		{FEF10CDE-9A61-4CBB-82FA-224B9003D019} = {E1C82671-FA28-40FC-8BFD-A59DFA6521B1}
		{F3EBCEF0-5C4C-4BF8-BF17-F2F80D474EF0} = {9D0EFC57-711F-4512-96C5-B1BA201A36E0}
		{07621877-8F2D-43B9-A8EF-D4199CFC4B15} = {3A805B6A-040F-461B-9C63-E34469106EE8}
		{E1C82671-FA28-40FC-8BFD-A59DFA6521B1} = {3A805B6A-040F-461B-9C63-E34469106EE8}
	EndGlobalSection
	GlobalSection(ExtensibilityGlobals) = postSolution
		SolutionGuid = {0484696F-AC0E-41C9-8FF8-6055E59DD9A4}
	EndGlobalSection
EndGlobal
