
Microsoft Visual Studio Solution File, Format Version 12.00
# Visual Studio Version 16
VisualStudioVersion = 16.0.31911.196
MinimumVisualStudioVersion = 10.0.40219.1
Project("{2150E333-8FDC-42A3-9474-1A3956D46DE8}") = "Core", "Core", "{9D0EFC57-711F-4512-96C5-B1BA201A36E0}"
EndProject
Project("{2150E333-8FDC-42A3-9474-1A3956D46DE8}") = "Microservices", "Microservices", "{3A805B6A-040F-461B-9C63-E34469106EE8}"
EndProject
Project("{FAE04EC0-301F-11D3-BF4B-00C04F79EFBC}") = "CustomerService.Domain", "CustomerService.Domain\CustomerService.Domain.csproj", "{511B324F-9413-446D-9C88-A53DD674684C}"
EndProject
Project("{FAE04EC0-301F-11D3-BF4B-00C04F79EFBC}") = "CustomerService.Intrastructure", "CustomerService.Intrastructure\CustomerService.Intrastructure.csproj", "{4A6B1066-C182-4700-8157-723B75CB57E5}"
EndProject
Project("{FAE04EC0-301F-11D3-BF4B-00C04F79EFBC}") = "CustomerService.Api", "CustomerService.Api\CustomerService.Api.csproj", "{A207F3AB-31B5-4518-B0D2-286BC4704ECE}"
EndProject
Project("{FAE04EC0-301F-11D3-BF4B-00C04F79EFBC}") = "ProductService.Domain", "ProductService.Domain\ProductService.Domain.csproj", "{65019D1A-CC18-4E21-AC84-5D40F5108879}"
EndProject
Project("{FAE04EC0-301F-11D3-BF4B-00C04F79EFBC}") = "Domain", "Domain\Domain.csproj", "{1ADAF6FE-0491-46F1-8CA1-70DCD5DB530C}"
EndProject
Project("{FAE04EC0-301F-11D3-BF4B-00C04F79EFBC}") = "ProductService.Api", "ProductService.Api\ProductService.Api.csproj", "{09026F03-E624-4BFB-A0C5-B2A8043A87A3}"
EndProject
Project("{FAE04EC0-301F-11D3-BF4B-00C04F79EFBC}") = "ProductService.Infrastructure", "ProductService.Infrastructure\ProductService.Infrastructure.csproj", "{FEF10CDE-9A61-4CBB-82FA-224B9003D019}"
EndProject
Project("{FAE04EC0-301F-11D3-BF4B-00C04F79EFBC}") = "Infrastructure", "Infrastructure\Infrastructure.csproj", "{F3EBCEF0-5C4C-4BF8-BF17-F2F80D474EF0}"
EndProject
Project("{2150E333-8FDC-42A3-9474-1A3956D46DE8}") = "CustomerService", "CustomerService", "{07621877-8F2D-43B9-A8EF-D4199CFC4B15}"
EndProject
Project("{2150E333-8FDC-42A3-9474-1A3956D46DE8}") = "ProductService", "ProductService", "{E1C82671-FA28-40FC-8BFD-A59DFA6521B1}"
EndProject
Project("{2150E333-8FDC-42A3-9474-1A3956D46DE8}") = "DocumentService", "DocumentService", "{87D6587C-9FFE-4F6D-B211-E7D7B9431C62}"
EndProject
Project("{FAE04EC0-301F-11D3-BF4B-00C04F79EFBC}") = "DocumentService.Domain", "DocumentService.Domain\DocumentService.Domain.csproj", "{4A0A2FDC-D71C-4B0B-9C46-4387DB89FCA2}"
EndProject
Project("{FAE04EC0-301F-11D3-BF4B-00C04F79EFBC}") = "DocumentService.Infrastructure", "DocumentService.Infrastructure\DocumentService.Infrastructure.csproj", "{7FB89392-6F8C-4AA9-A5A7-95304FA6E1AB}"
EndProject
Project("{FAE04EC0-301F-11D3-BF4B-00C04F79EFBC}") = "DocumentService.Api", "DocumentService.Api\DocumentService.Api.csproj", "{41C29086-EE07-493D-93F6-471E65DFF790}"
EndProject
Project("{2150E333-8FDC-42A3-9474-1A3956D46DE8}") = "GatewayService", "GatewayService", "{3BB8289A-D422-4667-BD9C-616617429ACE}"
EndProject
Project("{FAE04EC0-301F-11D3-BF4B-00C04F79EFBC}") = "GatewayService.Api", "GatewayService.Api\GatewayService.Api.csproj", "{683E8B32-6AC6-4F8E-A9BC-4C8B1D2E47D0}"
EndProject
Project("{2150E333-8FDC-42A3-9474-1A3956D46DE8}") = "ShoppingCartService", "ShoppingCartService", "{58F02494-0E32-4EBE-A9BF-F0881E467259}"
EndProject
Project("{FAE04EC0-301F-11D3-BF4B-00C04F79EFBC}") = "ShoppingCartService.Domain", "ShoppingCartService.Domain\ShoppingCartService.Domain.csproj", "{14A22FE5-C1B0-477D-96C7-C426AB77293F}"
EndProject
Project("{FAE04EC0-301F-11D3-BF4B-00C04F79EFBC}") = "ShoppingCartService.Infrastructure", "ShoppingCartService.Infrastructure\ShoppingCartService.Infrastructure.csproj", "{36B9EAC8-9E92-47CB-A07F-FF1A503F05FE}"
EndProject
Project("{FAE04EC0-301F-11D3-BF4B-00C04F79EFBC}") = "ShoppingCartService.Api", "ShoppingCartService.Api\ShoppingCartService.Api.csproj", "{D0B9DE5C-5294-433D-BFC2-B85552C4C690}"
EndProject
Project("{2150E333-8FDC-42A3-9474-1A3956D46DE8}") = "AuthService", "AuthService", "{84E3A896-8476-44AE-9918-1FBC731FE0C5}"
EndProject
Project("{FAE04EC0-301F-11D3-BF4B-00C04F79EFBC}") = "AuthService.Domain", "AuthService.Domain\AuthService.Domain.csproj", "{C7E89D7E-A957-4F93-B001-C6D2CD247D97}"
EndProject
Project("{FAE04EC0-301F-11D3-BF4B-00C04F79EFBC}") = "AuthService.Infrastructure", "AuthService.Infrastructure\AuthService.Infrastructure.csproj", "{42C914E4-F51B-4173-BDDC-7CC7867BAE16}"
EndProject
Project("{FAE04EC0-301F-11D3-BF4B-00C04F79EFBC}") = "AuthService.Api", "AuthService.Api\AuthService.Api.csproj", "{903CA07B-57A6-4567-AEC4-16A51BBE33C9}"
EndProject
Global
	GlobalSection(SolutionConfigurationPlatforms) = preSolution
		Debug|Any CPU = Debug|Any CPU
		Release|Any CPU = Release|Any CPU
	EndGlobalSection
	GlobalSection(ProjectConfigurationPlatforms) = postSolution
		{511B324F-9413-446D-9C88-A53DD674684C}.Debug|Any CPU.ActiveCfg = Debug|Any CPU
		{511B324F-9413-446D-9C88-A53DD674684C}.Debug|Any CPU.Build.0 = Debug|Any CPU
		{511B324F-9413-446D-9C88-A53DD674684C}.Release|Any CPU.ActiveCfg = Release|Any CPU
		{511B324F-9413-446D-9C88-A53DD674684C}.Release|Any CPU.Build.0 = Release|Any CPU
		{4A6B1066-C182-4700-8157-723B75CB57E5}.Debug|Any CPU.ActiveCfg = Debug|Any CPU
		{4A6B1066-C182-4700-8157-723B75CB57E5}.Debug|Any CPU.Build.0 = Debug|Any CPU
		{4A6B1066-C182-4700-8157-723B75CB57E5}.Release|Any CPU.ActiveCfg = Release|Any CPU
		{4A6B1066-C182-4700-8157-723B75CB57E5}.Release|Any CPU.Build.0 = Release|Any CPU
		{A207F3AB-31B5-4518-B0D2-286BC4704ECE}.Debug|Any CPU.ActiveCfg = Debug|Any CPU
		{A207F3AB-31B5-4518-B0D2-286BC4704ECE}.Debug|Any CPU.Build.0 = Debug|Any CPU
		{A207F3AB-31B5-4518-B0D2-286BC4704ECE}.Release|Any CPU.ActiveCfg = Release|Any CPU
		{A207F3AB-31B5-4518-B0D2-286BC4704ECE}.Release|Any CPU.Build.0 = Release|Any CPU
		{65019D1A-CC18-4E21-AC84-5D40F5108879}.Debug|Any CPU.ActiveCfg = Debug|Any CPU
		{65019D1A-CC18-4E21-AC84-5D40F5108879}.Debug|Any CPU.Build.0 = Debug|Any CPU
		{65019D1A-CC18-4E21-AC84-5D40F5108879}.Release|Any CPU.ActiveCfg = Release|Any CPU
		{65019D1A-CC18-4E21-AC84-5D40F5108879}.Release|Any CPU.Build.0 = Release|Any CPU
		{1ADAF6FE-0491-46F1-8CA1-70DCD5DB530C}.Debug|Any CPU.ActiveCfg = Debug|Any CPU
		{1ADAF6FE-0491-46F1-8CA1-70DCD5DB530C}.Debug|Any CPU.Build.0 = Debug|Any CPU
		{1ADAF6FE-0491-46F1-8CA1-70DCD5DB530C}.Release|Any CPU.ActiveCfg = Release|Any CPU
		{1ADAF6FE-0491-46F1-8CA1-70DCD5DB530C}.Release|Any CPU.Build.0 = Release|Any CPU
		{09026F03-E624-4BFB-A0C5-B2A8043A87A3}.Debug|Any CPU.ActiveCfg = Debug|Any CPU
		{09026F03-E624-4BFB-A0C5-B2A8043A87A3}.Debug|Any CPU.Build.0 = Debug|Any CPU
		{09026F03-E624-4BFB-A0C5-B2A8043A87A3}.Release|Any CPU.ActiveCfg = Release|Any CPU
		{09026F03-E624-4BFB-A0C5-B2A8043A87A3}.Release|Any CPU.Build.0 = Release|Any CPU
		{FEF10CDE-9A61-4CBB-82FA-224B9003D019}.Debug|Any CPU.ActiveCfg = Debug|Any CPU
		{FEF10CDE-9A61-4CBB-82FA-224B9003D019}.Debug|Any CPU.Build.0 = Debug|Any CPU
		{FEF10CDE-9A61-4CBB-82FA-224B9003D019}.Release|Any CPU.ActiveCfg = Release|Any CPU
		{FEF10CDE-9A61-4CBB-82FA-224B9003D019}.Release|Any CPU.Build.0 = Release|Any CPU
		{F3EBCEF0-5C4C-4BF8-BF17-F2F80D474EF0}.Debug|Any CPU.ActiveCfg = Debug|Any CPU
		{F3EBCEF0-5C4C-4BF8-BF17-F2F80D474EF0}.Debug|Any CPU.Build.0 = Debug|Any CPU
		{F3EBCEF0-5C4C-4BF8-BF17-F2F80D474EF0}.Release|Any CPU.ActiveCfg = Release|Any CPU
		{F3EBCEF0-5C4C-4BF8-BF17-F2F80D474EF0}.Release|Any CPU.Build.0 = Release|Any CPU
		{4A0A2FDC-D71C-4B0B-9C46-4387DB89FCA2}.Debug|Any CPU.ActiveCfg = Debug|Any CPU
		{4A0A2FDC-D71C-4B0B-9C46-4387DB89FCA2}.Debug|Any CPU.Build.0 = Debug|Any CPU
		{4A0A2FDC-D71C-4B0B-9C46-4387DB89FCA2}.Release|Any CPU.ActiveCfg = Release|Any CPU
		{4A0A2FDC-D71C-4B0B-9C46-4387DB89FCA2}.Release|Any CPU.Build.0 = Release|Any CPU
		{7FB89392-6F8C-4AA9-A5A7-95304FA6E1AB}.Debug|Any CPU.ActiveCfg = Debug|Any CPU
		{7FB89392-6F8C-4AA9-A5A7-95304FA6E1AB}.Debug|Any CPU.Build.0 = Debug|Any CPU
		{7FB89392-6F8C-4AA9-A5A7-95304FA6E1AB}.Release|Any CPU.ActiveCfg = Release|Any CPU
		{7FB89392-6F8C-4AA9-A5A7-95304FA6E1AB}.Release|Any CPU.Build.0 = Release|Any CPU
		{41C29086-EE07-493D-93F6-471E65DFF790}.Debug|Any CPU.ActiveCfg = Debug|Any CPU
		{41C29086-EE07-493D-93F6-471E65DFF790}.Debug|Any CPU.Build.0 = Debug|Any CPU
		{41C29086-EE07-493D-93F6-471E65DFF790}.Release|Any CPU.ActiveCfg = Release|Any CPU
		{41C29086-EE07-493D-93F6-471E65DFF790}.Release|Any CPU.Build.0 = Release|Any CPU
		{683E8B32-6AC6-4F8E-A9BC-4C8B1D2E47D0}.Debug|Any CPU.ActiveCfg = Debug|Any CPU
		{683E8B32-6AC6-4F8E-A9BC-4C8B1D2E47D0}.Debug|Any CPU.Build.0 = Debug|Any CPU
		{683E8B32-6AC6-4F8E-A9BC-4C8B1D2E47D0}.Release|Any CPU.ActiveCfg = Release|Any CPU
		{683E8B32-6AC6-4F8E-A9BC-4C8B1D2E47D0}.Release|Any CPU.Build.0 = Release|Any CPU
		{14A22FE5-C1B0-477D-96C7-C426AB77293F}.Debug|Any CPU.ActiveCfg = Debug|Any CPU
		{14A22FE5-C1B0-477D-96C7-C426AB77293F}.Debug|Any CPU.Build.0 = Debug|Any CPU
		{14A22FE5-C1B0-477D-96C7-C426AB77293F}.Release|Any CPU.ActiveCfg = Release|Any CPU
		{14A22FE5-C1B0-477D-96C7-C426AB77293F}.Release|Any CPU.Build.0 = Release|Any CPU
		{36B9EAC8-9E92-47CB-A07F-FF1A503F05FE}.Debug|Any CPU.ActiveCfg = Debug|Any CPU
		{36B9EAC8-9E92-47CB-A07F-FF1A503F05FE}.Debug|Any CPU.Build.0 = Debug|Any CPU
		{36B9EAC8-9E92-47CB-A07F-FF1A503F05FE}.Release|Any CPU.ActiveCfg = Release|Any CPU
		{36B9EAC8-9E92-47CB-A07F-FF1A503F05FE}.Release|Any CPU.Build.0 = Release|Any CPU
		{D0B9DE5C-5294-433D-BFC2-B85552C4C690}.Debug|Any CPU.ActiveCfg = Debug|Any CPU
		{D0B9DE5C-5294-433D-BFC2-B85552C4C690}.Debug|Any CPU.Build.0 = Debug|Any CPU
		{D0B9DE5C-5294-433D-BFC2-B85552C4C690}.Release|Any CPU.ActiveCfg = Release|Any CPU
		{D0B9DE5C-5294-433D-BFC2-B85552C4C690}.Release|Any CPU.Build.0 = Release|Any CPU
		{C7E89D7E-A957-4F93-B001-C6D2CD247D97}.Debug|Any CPU.ActiveCfg = Debug|Any CPU
		{C7E89D7E-A957-4F93-B001-C6D2CD247D97}.Debug|Any CPU.Build.0 = Debug|Any CPU
		{C7E89D7E-A957-4F93-B001-C6D2CD247D97}.Release|Any CPU.ActiveCfg = Release|Any CPU
		{C7E89D7E-A957-4F93-B001-C6D2CD247D97}.Release|Any CPU.Build.0 = Release|Any CPU
		{42C914E4-F51B-4173-BDDC-7CC7867BAE16}.Debug|Any CPU.ActiveCfg = Debug|Any CPU
		{42C914E4-F51B-4173-BDDC-7CC7867BAE16}.Debug|Any CPU.Build.0 = Debug|Any CPU
		{42C914E4-F51B-4173-BDDC-7CC7867BAE16}.Release|Any CPU.ActiveCfg = Release|Any CPU
		{42C914E4-F51B-4173-BDDC-7CC7867BAE16}.Release|Any CPU.Build.0 = Release|Any CPU
		{903CA07B-57A6-4567-AEC4-16A51BBE33C9}.Debug|Any CPU.ActiveCfg = Debug|Any CPU
		{903CA07B-57A6-4567-AEC4-16A51BBE33C9}.Debug|Any CPU.Build.0 = Debug|Any CPU
		{903CA07B-57A6-4567-AEC4-16A51BBE33C9}.Release|Any CPU.ActiveCfg = Release|Any CPU
		{903CA07B-57A6-4567-AEC4-16A51BBE33C9}.Release|Any CPU.Build.0 = Release|Any CPU
	EndGlobalSection
	GlobalSection(SolutionProperties) = preSolution
		HideSolutionNode = FALSE
	EndGlobalSection
	GlobalSection(NestedProjects) = preSolution
		{511B324F-9413-446D-9C88-A53DD674684C} = {07621877-8F2D-43B9-A8EF-D4199CFC4B15}
		{4A6B1066-C182-4700-8157-723B75CB57E5} = {07621877-8F2D-43B9-A8EF-D4199CFC4B15}
		{A207F3AB-31B5-4518-B0D2-286BC4704ECE} = {07621877-8F2D-43B9-A8EF-D4199CFC4B15}
		{65019D1A-CC18-4E21-AC84-5D40F5108879} = {E1C82671-FA28-40FC-8BFD-A59DFA6521B1}
		{1ADAF6FE-0491-46F1-8CA1-70DCD5DB530C} = {9D0EFC57-711F-4512-96C5-B1BA201A36E0}
		{09026F03-E624-4BFB-A0C5-B2A8043A87A3} = {E1C82671-FA28-40FC-8BFD-A59DFA6521B1}
		{FEF10CDE-9A61-4CBB-82FA-224B9003D019} = {E1C82671-FA28-40FC-8BFD-A59DFA6521B1}
		{F3EBCEF0-5C4C-4BF8-BF17-F2F80D474EF0} = {9D0EFC57-711F-4512-96C5-B1BA201A36E0}
		{07621877-8F2D-43B9-A8EF-D4199CFC4B15} = {3A805B6A-040F-461B-9C63-E34469106EE8}
		{E1C82671-FA28-40FC-8BFD-A59DFA6521B1} = {3A805B6A-040F-461B-9C63-E34469106EE8}
		{87D6587C-9FFE-4F6D-B211-E7D7B9431C62} = {3A805B6A-040F-461B-9C63-E34469106EE8}
		{4A0A2FDC-D71C-4B0B-9C46-4387DB89FCA2} = {87D6587C-9FFE-4F6D-B211-E7D7B9431C62}
		{7FB89392-6F8C-4AA9-A5A7-95304FA6E1AB} = {87D6587C-9FFE-4F6D-B211-E7D7B9431C62}
		{41C29086-EE07-493D-93F6-471E65DFF790} = {87D6587C-9FFE-4F6D-B211-E7D7B9431C62}
		{3BB8289A-D422-4667-BD9C-616617429ACE} = {3A805B6A-040F-461B-9C63-E34469106EE8}
		{683E8B32-6AC6-4F8E-A9BC-4C8B1D2E47D0} = {3BB8289A-D422-4667-BD9C-616617429ACE}
		{58F02494-0E32-4EBE-A9BF-F0881E467259} = {3A805B6A-040F-461B-9C63-E34469106EE8}
		{14A22FE5-C1B0-477D-96C7-C426AB77293F} = {58F02494-0E32-4EBE-A9BF-F0881E467259}
		{36B9EAC8-9E92-47CB-A07F-FF1A503F05FE} = {58F02494-0E32-4EBE-A9BF-F0881E467259}
		{D0B9DE5C-5294-433D-BFC2-B85552C4C690} = {58F02494-0E32-4EBE-A9BF-F0881E467259}
		{84E3A896-8476-44AE-9918-1FBC731FE0C5} = {3A805B6A-040F-461B-9C63-E34469106EE8}
		{C7E89D7E-A957-4F93-B001-C6D2CD247D97} = {84E3A896-8476-44AE-9918-1FBC731FE0C5}
		{42C914E4-F51B-4173-BDDC-7CC7867BAE16} = {84E3A896-8476-44AE-9918-1FBC731FE0C5}
		{903CA07B-57A6-4567-AEC4-16A51BBE33C9} = {84E3A896-8476-44AE-9918-1FBC731FE0C5}
	EndGlobalSection
	GlobalSection(ExtensibilityGlobals) = postSolution
		SolutionGuid = {0484696F-AC0E-41C9-8FF8-6055E59DD9A4}
	EndGlobalSection
EndGlobal
